<?xml version="1.0" encoding="utf-8"?>
<Project ToolsVersion="4.0" xmlns="http://schemas.microsoft.com/developer/msbuild/2003">
  <ItemGroup>
    <Filter Include="Source Files">
      <UniqueIdentifier>{4FC737F1-C7A5-4376-A066-2A32D752A2FF}</UniqueIdentifier>
      <Extensions>cpp;c;cc;cxx;def;odl;idl;hpj;bat;asm;asmx</Extensions>
    </Filter>
    <Filter Include="Source Files\_">
      <UniqueIdentifier>{cae67fcc-5b34-41fb-8c21-07a4625df7b8}</UniqueIdentifier>
    </Filter>
    <Filter Include="Source Files\Mpq">
      <UniqueIdentifier>{8f1ed61f-b49d-4ebc-9bba-e21f10b9e4e3}</UniqueIdentifier>
    </Filter>
    <Filter Include="Header Files">
      <UniqueIdentifier>{93995380-89BD-4b04-88EB-625FBE52EBFB}</UniqueIdentifier>
      <Extensions>h;hpp;hxx;hm;inl;inc;xsd</Extensions>
    </Filter>
    <Filter Include="Header Files\_">
      <UniqueIdentifier>{b5682eb8-b035-4a33-8c59-25dc695c7a77}</UniqueIdentifier>
    </Filter>
    <Filter Include="Header Files\Mpq">
      <UniqueIdentifier>{bee1590e-ae2e-4a89-b8f3-cfe721e32175}</UniqueIdentifier>
    </Filter>
  </ItemGroup>
  <ItemGroup>
    <ClCompile Include="_\AssemblyInfo.cpp">
      <Filter>Source Files\_</Filter>
    </ClCompile>
    <ClCompile Include="Mpq\Archive.cpp">
      <Filter>Source Files\Mpq</Filter>
    </ClCompile>
    <ClCompile Include="Mpq\FileInfo.cpp">
      <Filter>Source Files\Mpq</Filter>
    </ClCompile>
    <ClCompile Include="Mpq\FileStream.cpp">
      <Filter>Source Files\Mpq</Filter>
    </ClCompile>
    <ClCompile Include="Mpq\StringHandle.cpp">
      <Filter>Source Files\Mpq</Filter>
    </ClCompile>
    <ClCompile Include="Mpq\TemporaryFile.cpp">
      <Filter>Source Files\Mpq</Filter>
    </ClCompile>
  </ItemGroup>
  <ItemGroup>
    <ClInclude Include="_\Constants.h">
      <Filter>Header Files\_</Filter>
    </ClInclude>
    <ClInclude Include="_\Include.h">
      <Filter>Header Files\_</Filter>
    </ClInclude>
    <ClInclude Include="Mpq\Archive.h">
      <Filter>Header Files\Mpq</Filter>
    </ClInclude>
    <ClInclude Include="Mpq\ArchiveFormat.h">
      <Filter>Header Files\Mpq</Filter>
    </ClInclude>
    <ClInclude Include="Mpq\Compression.h">
      <Filter>Header Files\Mpq</Filter>
    </ClInclude>
    <ClInclude Include="Mpq\Encryption.h">
      <Filter>Header Files\Mpq</Filter>
    </ClInclude>
    <ClInclude Include="Mpq\FileInfo.h">
      <Filter>Header Files\Mpq</Filter>
    </ClInclude>
    <ClInclude Include="Mpq\FileStream.h">
      <Filter>Header Files\Mpq</Filter>
    </ClInclude>
    <ClInclude Include="Mpq\Quality.h">
      <Filter>Header Files\Mpq</Filter>
    </ClInclude>
    <ClInclude Include="Mpq\StringHandle.h">
      <Filter>Header Files\Mpq</Filter>
    </ClInclude>
    <ClInclude Include="Mpq\TemporaryFile.h">
      <Filter>Header Files\Mpq</Filter>
    </ClInclude>
  </ItemGroup>
  <ItemGroup>
    <Library Include="StormLibRAD.lib" />
  </ItemGroup>
</Project>